
Microsoft Visual Studio Solution File, Format Version 12.00
# Visual Studio Version 16
VisualStudioVersion = 16.0.31624.102
MinimumVisualStudioVersion = 10.0.40219.1
Project("{FAE04EC0-301F-11D3-BF4B-00C04F79EFBC}") = "番茄钟", "番茄钟.csproj", "{2FF74F62-166B-496A-8A38-05399593F245}"
EndProject
Global
	GlobalSection(SolutionConfigurationPlatforms) = preSolution
		Debug|Any CPU = Debug|Any CPU
		Release|Any CPU = Release|Any CPU
	EndGlobalSection
	GlobalSection(ProjectConfigurationPlatforms) = postSolution
		{2FF74F62-166B-496A-8A38-05399593F245}.Debug|Any CPU.ActiveCfg = Debug|Any CPU
		{2FF74F62-166B-496A-8A38-05399593F245}.Debug|Any CPU.Build.0 = Debug|Any CPU
		{2FF74F62-166B-496A-8A38-05399593F245}.Release|Any CPU.ActiveCfg = Release|Any CPU
		{2FF74F62-166B-496A-8A38-05399593F245}.Release|Any CPU.Build.0 = Release|Any CPU
	EndGlobalSection
	GlobalSection(SolutionProperties) = preSolution
		HideSolutionNode = FALSE
	EndGlobalSection
	GlobalSection(ExtensibilityGlobals) = postSolution
		SolutionGuid = {69AA61E0-065F-46FC-93C4-2751766EEA8E}
	EndGlobalSection
EndGlobal
